# THIS IS AN AUTOGENERATED FILE. DO NOT EDIT THIS FILE DIRECTLY.
# yarn lockfile v1


asap@~2.0.3:
  version "2.0.6"
  resolved "https://registry.nlark.com/asap/download/asap-2.0.6.tgz#e50347611d7e690943208bbdafebcbc2fb866d46"
  integrity sha1-5QNHYR1+aQlDIIu9r+vLwvuGbUY=

"promise@>=3.2 <8":
  version "7.3.1"
  resolved "https://registry.npm.taobao.org/promise/download/promise-7.3.1.tgz#064b72602b18f90f29192b8b1bc418ffd1ebd3bf"
  integrity sha1-BktyYCsY+Q8pGSuLG8QY/9Hr078=
  dependencies:
    asap "~2.0.3"

then-fs@^2.0.0:
  version "2.0.0"
  resolved "https://registry.npm.taobao.org/then-fs/download/then-fs-2.0.0.tgz#72f792dd9d31705a91ae19ebfcf8b3f968c81da2"
  integrity sha1-cveS3Z0xcFqRrhnr/Piz+WjIHaI=
  dependencies:
    promise ">=3.2 <8"

tslib@^1.9.2:
  version "1.14.1"
  resolved "https://registry.yarnpkg.com/tslib/-/tslib-1.14.1.tgz#cf2d38bdc34a134bcaf1091c41f6619e2f672d00"
  integrity sha512-Xni35NKzjgMrwevysHTCArtLDpPvye8zV/0E4EyYn43P7/7qvQwPh9BGkHewbMulVntbigmcT7rdX3BNo9wRJg==

xmlhttprequest-ssl@^2.0.0:
  version "2.0.0"
  resolved "https://registry.yarnpkg.com/xmlhttprequest-ssl/-/xmlhttprequest-ssl-2.0.0.tgz#91360c86b914e67f44dce769180027c0da618c67"
  integrity sha512-QKxVRxiRACQcVuQEYFsI1hhkrMlrXHPegbbd1yn9UHOmRxY+si12nQYzri3vbzt8VdTTRviqcKxcyllFas5z2A==

xmlhttprequest-ts@^1.0.1:
  version "1.0.1"
  resolved "https://registry.yarnpkg.com/xmlhttprequest-ts/-/xmlhttprequest-ts-1.0.1.tgz#7b3cb4a197aee38cf2d4f9dd6189d1d21f0835b2"
  integrity sha1-ezy0oZeu44zy1PndYYnR0h8INbI=
  dependencies:
    tslib "^1.9.2"

xmlhttprequest@^1.8.0:
  version "1.8.0"
  resolved "https://registry.yarnpkg.com/xmlhttprequest/-/xmlhttprequest-1.8.0.tgz#67fe075c5c24fef39f9d65f5f7b7fe75171968fc"
  integrity sha1-Z/4HXFwk/vOfnWX197f+dRcZaPw=
